
Microsoft Visual Studio Solution File, Format Version 12.00
# Visual Studio Version 17
VisualStudioVersion = 17.6.33829.357
MinimumVisualStudioVersion = 10.0.40219.1
Project("{9A19103F-16F7-4668-BE54-9A1E7A4F7556}") = "Letter.WebUI", "Letter.WebUI\Letter.WebUI.csproj", "{604CA935-8359-46CF-9B59-77A7B036C756}"
EndProject
Project("{FAE04EC0-301F-11D3-BF4B-00C04F79EFBC}") = "Letter.Business", "Letter.Business\Letter.Business.csproj", "{6FF0B6A1-5C21-4B98-B8B0-948D57156948}"
EndProject
Project("{FAE04EC0-301F-11D3-BF4B-00C04F79EFBC}") = "Letter.DataAccess", "Letter.DataAccess\Letter.DataAccess.csproj", "{144AD172-1E69-479D-B8CF-F4A98FB8C691}"
EndProject
Project("{FAE04EC0-301F-11D3-BF4B-00C04F79EFBC}") = "Letter.Infrastructure", "Letter.Infrastructure\Letter.Infrastructure.csproj", "{9B7B52DE-6520-484D-8331-292B31BBDED7}"
EndProject
Global
	GlobalSection(SolutionConfigurationPlatforms) = preSolution
		Debug|Any CPU = Debug|Any CPU
		Release|Any CPU = Release|Any CPU
	EndGlobalSection
	GlobalSection(ProjectConfigurationPlatforms) = postSolution
		{604CA935-8359-46CF-9B59-77A7B036C756}.Debug|Any CPU.ActiveCfg = Debug|Any CPU
		{604CA935-8359-46CF-9B59-77A7B036C756}.Debug|Any CPU.Build.0 = Debug|Any CPU
		{604CA935-8359-46CF-9B59-77A7B036C756}.Release|Any CPU.ActiveCfg = Release|Any CPU
		{604CA935-8359-46CF-9B59-77A7B036C756}.Release|Any CPU.Build.0 = Release|Any CPU
		{6FF0B6A1-5C21-4B98-B8B0-948D57156948}.Debug|Any CPU.ActiveCfg = Debug|Any CPU
		{6FF0B6A1-5C21-4B98-B8B0-948D57156948}.Debug|Any CPU.Build.0 = Debug|Any CPU
		{6FF0B6A1-5C21-4B98-B8B0-948D57156948}.Release|Any CPU.ActiveCfg = Release|Any CPU
		{6FF0B6A1-5C21-4B98-B8B0-948D57156948}.Release|Any CPU.Build.0 = Release|Any CPU
		{144AD172-1E69-479D-B8CF-F4A98FB8C691}.Debug|Any CPU.ActiveCfg = Debug|Any CPU
		{144AD172-1E69-479D-B8CF-F4A98FB8C691}.Debug|Any CPU.Build.0 = Debug|Any CPU
		{144AD172-1E69-479D-B8CF-F4A98FB8C691}.Release|Any CPU.ActiveCfg = Release|Any CPU
		{144AD172-1E69-479D-B8CF-F4A98FB8C691}.Release|Any CPU.Build.0 = Release|Any CPU
		{9B7B52DE-6520-484D-8331-292B31BBDED7}.Debug|Any CPU.ActiveCfg = Debug|Any CPU
		{9B7B52DE-6520-484D-8331-292B31BBDED7}.Debug|Any CPU.Build.0 = Debug|Any CPU
		{9B7B52DE-6520-484D-8331-292B31BBDED7}.Release|Any CPU.ActiveCfg = Release|Any CPU
		{9B7B52DE-6520-484D-8331-292B31BBDED7}.Release|Any CPU.Build.0 = Release|Any CPU
	EndGlobalSection
	GlobalSection(SolutionProperties) = preSolution
		HideSolutionNode = FALSE
	EndGlobalSection
	GlobalSection(ExtensibilityGlobals) = postSolution
		SolutionGuid = {41C50C52-470F-43D1-89A3-651F72E13828}
	EndGlobalSection
EndGlobal
